
Microsoft Visual Studio Solution File, Format Version 12.00
# Visual Studio Version 17
VisualStudioVersion = 17.9.34701.34
MinimumVisualStudioVersion = 10.0.40219.1
Project("{9A19103F-16F7-4668-BE54-9A1E7A4F7556}") = "AzureB2C.AuthApi", "src\AzureB2C.AuthApi\AzureB2C.AuthApi.csproj", "{65B09859-6AC8-49BE-96D8-C406CBAB3403}"
EndProject
Project("{9A19103F-16F7-4668-BE54-9A1E7A4F7556}") = "AzureB2C.Blazor", "src\AzureB2C.Blazor\AzureB2C.Blazor.csproj", "{9D31926A-0A98-4E49-8761-051284A59DB7}"
EndProject
Project("{9A19103F-16F7-4668-BE54-9A1E7A4F7556}") = "AzureB2C.Data", "src\AzureB2C.Data\AzureB2C.Data.csproj", "{16C832A0-BA74-4FED-B436-A548D7A0E104}"
EndProject
Project("{FAE04EC0-301F-11D3-BF4B-00C04F79EFBC}") = "AzureB2C.Data.Migrator", "src\AzureB2C.Data.Migrator\AzureB2C.Data.Migrator.csproj", "{11198EE0-A77B-4BE8-ACAC-4020081546A1}"
EndProject
Global
	GlobalSection(SolutionConfigurationPlatforms) = preSolution
		Debug|Any CPU = Debug|Any CPU
		Release|Any CPU = Release|Any CPU
	EndGlobalSection
	GlobalSection(ProjectConfigurationPlatforms) = postSolution
		{65B09859-6AC8-49BE-96D8-C406CBAB3403}.Debug|Any CPU.ActiveCfg = Debug|Any CPU
		{65B09859-6AC8-49BE-96D8-C406CBAB3403}.Debug|Any CPU.Build.0 = Debug|Any CPU
		{65B09859-6AC8-49BE-96D8-C406CBAB3403}.Release|Any CPU.ActiveCfg = Release|Any CPU
		{65B09859-6AC8-49BE-96D8-C406CBAB3403}.Release|Any CPU.Build.0 = Release|Any CPU
		{9D31926A-0A98-4E49-8761-051284A59DB7}.Debug|Any CPU.ActiveCfg = Debug|Any CPU
		{9D31926A-0A98-4E49-8761-051284A59DB7}.Debug|Any CPU.Build.0 = Debug|Any CPU
		{9D31926A-0A98-4E49-8761-051284A59DB7}.Release|Any CPU.ActiveCfg = Release|Any CPU
		{9D31926A-0A98-4E49-8761-051284A59DB7}.Release|Any CPU.Build.0 = Release|Any CPU
		{16C832A0-BA74-4FED-B436-A548D7A0E104}.Debug|Any CPU.ActiveCfg = Debug|Any CPU
		{16C832A0-BA74-4FED-B436-A548D7A0E104}.Debug|Any CPU.Build.0 = Debug|Any CPU
		{16C832A0-BA74-4FED-B436-A548D7A0E104}.Release|Any CPU.ActiveCfg = Release|Any CPU
		{16C832A0-BA74-4FED-B436-A548D7A0E104}.Release|Any CPU.Build.0 = Release|Any CPU
		{11198EE0-A77B-4BE8-ACAC-4020081546A1}.Debug|Any CPU.ActiveCfg = Debug|Any CPU
		{11198EE0-A77B-4BE8-ACAC-4020081546A1}.Debug|Any CPU.Build.0 = Debug|Any CPU
		{11198EE0-A77B-4BE8-ACAC-4020081546A1}.Release|Any CPU.ActiveCfg = Release|Any CPU
		{11198EE0-A77B-4BE8-ACAC-4020081546A1}.Release|Any CPU.Build.0 = Release|Any CPU
	EndGlobalSection
	GlobalSection(SolutionProperties) = preSolution
		HideSolutionNode = FALSE
	EndGlobalSection
	GlobalSection(ExtensibilityGlobals) = postSolution
		SolutionGuid = {A287647E-B987-4336-9BEE-319CE468259F}
	EndGlobalSection
EndGlobal
