
Microsoft Visual Studio Solution File, Format Version 12.00
# Visual Studio Version 17
VisualStudioVersion = 17.9.34701.34
MinimumVisualStudioVersion = 10.0.40219.1
Project("{9A19103F-16F7-4668-BE54-9A1E7A4F7556}") = "AzureAdB2BApi", "AzureAdB2BApi\AzureAdB2BApi.csproj", "{65B09859-6AC8-49BE-96D8-C406CBAB3403}"
EndProject
Project("{9A19103F-16F7-4668-BE54-9A1E7A4F7556}") = "BlazorAppPoc", "BlazorClientPoc\BlazorAppPoc.csproj", "{9D31926A-0A98-4E49-8761-051284A59DB7}"
EndProject
Global
	GlobalSection(SolutionConfigurationPlatforms) = preSolution
		Debug|Any CPU = Debug|Any CPU
		Release|Any CPU = Release|Any CPU
	EndGlobalSection
	GlobalSection(ProjectConfigurationPlatforms) = postSolution
		{65B09859-6AC8-49BE-96D8-C406CBAB3403}.Debug|Any CPU.ActiveCfg = Debug|Any CPU
		{65B09859-6AC8-49BE-96D8-C406CBAB3403}.Debug|Any CPU.Build.0 = Debug|Any CPU
		{65B09859-6AC8-49BE-96D8-C406CBAB3403}.Release|Any CPU.ActiveCfg = Release|Any CPU
		{65B09859-6AC8-49BE-96D8-C406CBAB3403}.Release|Any CPU.Build.0 = Release|Any CPU
		{9D31926A-0A98-4E49-8761-051284A59DB7}.Debug|Any CPU.ActiveCfg = Debug|Any CPU
		{9D31926A-0A98-4E49-8761-051284A59DB7}.Debug|Any CPU.Build.0 = Debug|Any CPU
		{9D31926A-0A98-4E49-8761-051284A59DB7}.Release|Any CPU.ActiveCfg = Release|Any CPU
		{9D31926A-0A98-4E49-8761-051284A59DB7}.Release|Any CPU.Build.0 = Release|Any CPU
	EndGlobalSection
	GlobalSection(SolutionProperties) = preSolution
		HideSolutionNode = FALSE
	EndGlobalSection
	GlobalSection(ExtensibilityGlobals) = postSolution
		SolutionGuid = {A287647E-B987-4336-9BEE-319CE468259F}
	EndGlobalSection
EndGlobal
